
Microsoft Visual Studio Solution File, Format Version 12.00
# Visual Studio Version 17
VisualStudioVersion = 17.9.34728.123
MinimumVisualStudioVersion = 10.0.40219.1
Project("{FAE04EC0-301F-11D3-BF4B-00C04F79EFBC}") = "RestoReserveDemo", "RestoReserveDemo\RestoReserveDemo.csproj", "{46AC5148-0F37-4CA0-8928-7BD5BD0F8CAB}"
EndProject
Global
	GlobalSection(SolutionConfigurationPlatforms) = preSolution
		Debug|Any CPU = Debug|Any CPU
		Release|Any CPU = Release|Any CPU
	EndGlobalSection
	GlobalSection(ProjectConfigurationPlatforms) = postSolution
		{46AC5148-0F37-4CA0-8928-7BD5BD0F8CAB}.Debug|Any CPU.ActiveCfg = Debug|Any CPU
		{46AC5148-0F37-4CA0-8928-7BD5BD0F8CAB}.Debug|Any CPU.Build.0 = Debug|Any CPU
		{46AC5148-0F37-4CA0-8928-7BD5BD0F8CAB}.Release|Any CPU.ActiveCfg = Release|Any CPU
		{46AC5148-0F37-4CA0-8928-7BD5BD0F8CAB}.Release|Any CPU.Build.0 = Release|Any CPU
	EndGlobalSection
	GlobalSection(SolutionProperties) = preSolution
		HideSolutionNode = FALSE
	EndGlobalSection
	GlobalSection(ExtensibilityGlobals) = postSolution
		SolutionGuid = {A5076025-18CB-46A1-AACD-FE3BF545B033}
	EndGlobalSection
EndGlobal
